{
  "name": "up-minivue",
  "version": "1.0.0",
  "lockfileVersion": 2,
  "requires": true,
  "packages": {
    "": {
      "name": "up-minivue",
      "version": "1.0.0",
      "license": "ISC",
      "dependencies": {
        "@vue/reactivity": "^3.2.36"
      }
    },
    "node_modules/@vue/reactivity": {
      "version": "3.2.36",
      "resolved": "https://registry.npmmirror.com/@vue/reactivity/-/reactivity-3.2.36.tgz",
      "integrity": "sha512-c2qvopo0crh9A4GXi2/2kfGYMxsJW4tVILrqRPydVGZHhq0fnzy6qmclWOhBFckEhmyxmpHpdJtIRYGeKcuhnA==",
      "dependencies": {
        "@vue/shared": "3.2.36"
      }
    },
    "node_modules/@vue/shared": {
      "version": "3.2.36",
      "resolved": "https://registry.npmmirror.com/@vue/shared/-/shared-3.2.36.tgz",
      "integrity": "sha512-JtB41wXl7Au3+Nl3gD16Cfpj7k/6aCroZ6BbOiCMFCMvrOpkg/qQUXTso2XowaNqBbnkuGHurLAqkLBxNGc1hQ=="
    }
  },
  "dependencies": {
    "@vue/reactivity": {
      "version": "3.2.36",
      "resolved": "https://registry.npmmirror.com/@vue/reactivity/-/reactivity-3.2.36.tgz",
      "integrity": "sha512-c2qvopo0crh9A4GXi2/2kfGYMxsJW4tVILrqRPydVGZHhq0fnzy6qmclWOhBFckEhmyxmpHpdJtIRYGeKcuhnA==",
      "requires": {
        "@vue/shared": "3.2.36"
      }
    },
    "@vue/shared": {
      "version": "3.2.36",
      "resolved": "https://registry.npmmirror.com/@vue/shared/-/shared-3.2.36.tgz",
      "integrity": "sha512-JtB41wXl7Au3+Nl3gD16Cfpj7k/6aCroZ6BbOiCMFCMvrOpkg/qQUXTso2XowaNqBbnkuGHurLAqkLBxNGc1hQ=="
    }
  }
}
